
Microsoft Visual Studio Solution File, Format Version 12.00
# Visual Studio 14
VisualStudioVersion = 14.0.25123.0
MinimumVisualStudioVersion = 10.0.40219.1
Project("{FAE04EC0-301F-11D3-BF4B-00C04F79EFBC}") = "WebApiAuthenticationSamples.Api", "WebApiAuthenticationSamples.Api\WebApiAuthenticationSamples.Api.csproj", "{B5D19C02-7D1D-4A30-AD52-178917D0E996}"
EndProject
Project("{FAE04EC0-301F-11D3-BF4B-00C04F79EFBC}") = "WebApiAuthenticationSamples.Api.Tests", "WebApiAuthenticationSamples.Api.Tests\WebApiAuthenticationSamples.Api.Tests.csproj", "{4FCAF689-1A80-4A67-B9E0-4FCB52416870}"
EndProject
Global
	GlobalSection(SolutionConfigurationPlatforms) = preSolution
		Debug|Any CPU = Debug|Any CPU
		Release|Any CPU = Release|Any CPU
	EndGlobalSection
	GlobalSection(ProjectConfigurationPlatforms) = postSolution
		{B5D19C02-7D1D-4A30-AD52-178917D0E996}.Debug|Any CPU.ActiveCfg = Debug|Any CPU
		{B5D19C02-7D1D-4A30-AD52-178917D0E996}.Debug|Any CPU.Build.0 = Debug|Any CPU
		{B5D19C02-7D1D-4A30-AD52-178917D0E996}.Release|Any CPU.ActiveCfg = Release|Any CPU
		{B5D19C02-7D1D-4A30-AD52-178917D0E996}.Release|Any CPU.Build.0 = Release|Any CPU
		{4FCAF689-1A80-4A67-B9E0-4FCB52416870}.Debug|Any CPU.ActiveCfg = Debug|Any CPU
		{4FCAF689-1A80-4A67-B9E0-4FCB52416870}.Debug|Any CPU.Build.0 = Debug|Any CPU
		{4FCAF689-1A80-4A67-B9E0-4FCB52416870}.Release|Any CPU.ActiveCfg = Release|Any CPU
		{4FCAF689-1A80-4A67-B9E0-4FCB52416870}.Release|Any CPU.Build.0 = Release|Any CPU
	EndGlobalSection
	GlobalSection(SolutionProperties) = preSolution
		HideSolutionNode = FALSE
	EndGlobalSection
EndGlobal
